
Microsoft Visual Studio Solution File, Format Version 12.00
# Visual Studio Version 17
VisualStudioVersion = 17.7.34031.279
MinimumVisualStudioVersion = 10.0.40219.1
Project("{9A19103F-16F7-4668-BE54-9A1E7A4F7556}") = "RovisianServerDev.Api", "RovisianServerDev.Api\RovisianServerDev.Api.csproj", "{AFB581E3-C900-4AEA-A421-F1A4EEA541D0}"
EndProject
Project("{9A19103F-16F7-4668-BE54-9A1E7A4F7556}") = "RovisianServerDev.Infrastructure", "RovisianServerDev.Infrastructure\RovisianServerDev.Infrastructure.csproj", "{7EE4DECE-C879-4500-9617-24A419981331}"
EndProject
Project("{9A19103F-16F7-4668-BE54-9A1E7A4F7556}") = "RovisianServerDev.Application", "RovisianServerDev.Application\RovisianServerDev.Application.csproj", "{9E580DF6-156D-447F-B384-9E4720F2D052}"
EndProject
Project("{9A19103F-16F7-4668-BE54-9A1E7A4F7556}") = "RovisianServerDev.Domain", "RovisianServerDev.Domain\RovisianServerDev.Domain.csproj", "{270F1922-B614-4114-A252-95E5B6C51247}"
EndProject
Global
	GlobalSection(SolutionConfigurationPlatforms) = preSolution
		Debug|Any CPU = Debug|Any CPU
		Release|Any CPU = Release|Any CPU
	EndGlobalSection
	GlobalSection(ProjectConfigurationPlatforms) = postSolution
		{AFB581E3-C900-4AEA-A421-F1A4EEA541D0}.Debug|Any CPU.ActiveCfg = Debug|Any CPU
		{AFB581E3-C900-4AEA-A421-F1A4EEA541D0}.Debug|Any CPU.Build.0 = Debug|Any CPU
		{AFB581E3-C900-4AEA-A421-F1A4EEA541D0}.Release|Any CPU.ActiveCfg = Release|Any CPU
		{AFB581E3-C900-4AEA-A421-F1A4EEA541D0}.Release|Any CPU.Build.0 = Release|Any CPU
		{7EE4DECE-C879-4500-9617-24A419981331}.Debug|Any CPU.ActiveCfg = Debug|Any CPU
		{7EE4DECE-C879-4500-9617-24A419981331}.Debug|Any CPU.Build.0 = Debug|Any CPU
		{7EE4DECE-C879-4500-9617-24A419981331}.Release|Any CPU.ActiveCfg = Release|Any CPU
		{7EE4DECE-C879-4500-9617-24A419981331}.Release|Any CPU.Build.0 = Release|Any CPU
		{9E580DF6-156D-447F-B384-9E4720F2D052}.Debug|Any CPU.ActiveCfg = Debug|Any CPU
		{9E580DF6-156D-447F-B384-9E4720F2D052}.Debug|Any CPU.Build.0 = Debug|Any CPU
		{9E580DF6-156D-447F-B384-9E4720F2D052}.Release|Any CPU.ActiveCfg = Release|Any CPU
		{9E580DF6-156D-447F-B384-9E4720F2D052}.Release|Any CPU.Build.0 = Release|Any CPU
		{270F1922-B614-4114-A252-95E5B6C51247}.Debug|Any CPU.ActiveCfg = Debug|Any CPU
		{270F1922-B614-4114-A252-95E5B6C51247}.Debug|Any CPU.Build.0 = Debug|Any CPU
		{270F1922-B614-4114-A252-95E5B6C51247}.Release|Any CPU.ActiveCfg = Release|Any CPU
		{270F1922-B614-4114-A252-95E5B6C51247}.Release|Any CPU.Build.0 = Release|Any CPU
	EndGlobalSection
	GlobalSection(SolutionProperties) = preSolution
		HideSolutionNode = FALSE
	EndGlobalSection
	GlobalSection(ExtensibilityGlobals) = postSolution
		SolutionGuid = {22E54BD2-AF46-4179-B7A0-E3490BB457D9}
	EndGlobalSection
EndGlobal
